// !$*UTF8*$!
{
	archiveVersion = 1;
	classes = {};
	objectVersion = 60;
	objects = {
        AA0000000000000000000010 = { isa = PBXFileReference; lastKnownFileType = net.daringfireball.markdown; path = ../THIRD_PARTY_NOTICES.md; sourceTree = "<group>"; };
        AA0000000000000000000011 = { isa = PBXBuildFile; fileRef = AA0000000000000000000010; };
        AA0000000000000000000001 = { isa = XCRemoteSwiftPackageReference; repositoryURL = "https://github.com/weichsel/ZIPFoundation.git"; requirement = { kind = exactVersion; version = 0.9.20; }; };
        AA0000000000000000000002 = { isa = XCSwiftPackageProductDependency; package = AA0000000000000000000001; productName = ZIPFoundation; };
        AA0000000000000000000003 = { isa = XCSwiftPackageProductDependency; package = AA0000000000000000000001; productName = ZIPFoundation; };
        AA0000000000000000000004 = { isa = PBXBuildFile; productRef = AA0000000000000000000002; };
        AA0000000000000000000005 = { isa = PBXBuildFile; productRef = AA0000000000000000000003; };
        AA0000000000000000000006 = { isa = PBXFileReference; lastKnownFileType = sourcecode.swift; path = ExcelWorkbook.swift; sourceTree = "<group>"; };
        AA0000000000000000000007 = { isa = PBXBuildFile; fileRef = AA0000000000000000000006; };
        AA0000000000000000000008 = { isa = PBXFileReference; lastKnownFileType = sourcecode.swift; path = ExcelTransferView.swift; sourceTree = "<group>"; };
        AA0000000000000000000009 = { isa = PBXBuildFile; fileRef = AA0000000000000000000008; };
        AA000000000000000000000A = { isa = PBXFileReference; lastKnownFileType = file; path = "Resources/账单导入模板.xlsx"; sourceTree = "<group>"; };
        AA000000000000000000000B = { isa = PBXBuildFile; fileRef = AA000000000000000000000A; };
        AA000000000000000000000C = { isa = PBXFileReference; lastKnownFileType = sourcecode.swift; path = ExcelTests.swift; sourceTree = "<group>"; };
        AA000000000000000000000D = { isa = PBXBuildFile; fileRef = AA000000000000000000000C; };
        AA000000000000000000000E = { isa = PBXFileReference; lastKnownFileType = file; path = Fixtures/ExcelSharedStrings.xlsx; sourceTree = "<group>"; };
        AA000000000000000000000F = { isa = PBXBuildFile; fileRef = AA000000000000000000000E; };

		00000000000000000000001B = { isa = PBXFileReference; lastKnownFileType = sourcecode.swift; path = ContentView.swift; sourceTree = "<group>"; };
		00000000000000000000001C = { isa = PBXBuildFile; fileRef = 00000000000000000000001B; };
		00000000000000000000001D = { isa = PBXFileReference; lastKnownFileType = sourcecode.swift; path = LedgerStore.swift; sourceTree = "<group>"; };
		00000000000000000000001E = { isa = PBXBuildFile; fileRef = 00000000000000000000001D; };
		00000000000000000000001F = { isa = PBXFileReference; lastKnownFileType = sourcecode.swift; path = Models.swift; sourceTree = "<group>"; };
		000000000000000000000020 = { isa = PBXBuildFile; fileRef = 00000000000000000000001F; };
		000000000000000000000021 = { isa = PBXFileReference; lastKnownFileType = sourcecode.swift; path = RecordEditor.swift; sourceTree = "<group>"; };
		000000000000000000000022 = { isa = PBXBuildFile; fileRef = 000000000000000000000021; };
		000000000000000000000023 = { isa = PBXFileReference; lastKnownFileType = sourcecode.swift; path = ShizhangApp.swift; sourceTree = "<group>"; };
		000000000000000000000024 = { isa = PBXBuildFile; fileRef = 000000000000000000000023; };
		000000000000000000000025 = { isa = PBXFileReference; lastKnownFileType = sourcecode.swift; path = Theme.swift; sourceTree = "<group>"; };
		000000000000000000000026 = { isa = PBXBuildFile; fileRef = 000000000000000000000025; };
		000000000000000000000027 = { isa = PBXFileReference; lastKnownFileType = folder.assetcatalog; path = Assets.xcassets; sourceTree = "<group>"; };
		000000000000000000000028 = { isa = PBXBuildFile; fileRef = 000000000000000000000027; };
		000000000000000000000029 = { isa = PBXFileReference; lastKnownFileType = sourcecode.swift; path = LedgerTests.swift; sourceTree = "<group>"; };
		00000000000000000000002A = { isa = PBXBuildFile; fileRef = 000000000000000000000029; };
		000000000000000000000008 = { isa = PBXFileReference; explicitFileType = wrapper.application; path = Shizhang.app; sourceTree = BUILT_PRODUCTS_DIR; };
		000000000000000000000009 = { isa = PBXFileReference; explicitFileType = wrapper.cfbundle; path = ShizhangTests.xctest; sourceTree = BUILT_PRODUCTS_DIR; };
		000000000000000000000002 = { isa = PBXGroup; children = (000000000000000000000004, 000000000000000000000005, 000000000000000000000003,); sourceTree = "<group>"; };
		000000000000000000000004 = { isa = PBXGroup; children = (AA0000000000000000000010, AA0000000000000000000006, AA0000000000000000000008, AA000000000000000000000A, 00000000000000000000001B, 00000000000000000000001D, 00000000000000000000001F, 000000000000000000000021, 000000000000000000000023, 000000000000000000000025, 000000000000000000000027,); path = Shizhang; sourceTree = "<group>"; };
		000000000000000000000005 = { isa = PBXGroup; children = (000000000000000000000029, AA000000000000000000000C, AA000000000000000000000E,); path = ShizhangTests; sourceTree = "<group>"; };
		000000000000000000000003 = { isa = PBXGroup; children = (000000000000000000000008, 000000000000000000000009,); name = Products; sourceTree = "<group>"; };
		00000000000000000000000A = { isa = PBXSourcesBuildPhase; buildActionMask = 2147483647; files = (AA0000000000000000000007, AA0000000000000000000009, 00000000000000000000001C, 00000000000000000000001E, 000000000000000000000020, 000000000000000000000022, 000000000000000000000024, 000000000000000000000026,); runOnlyForDeploymentPostprocessing = 0; };
		00000000000000000000000B = { isa = PBXFrameworksBuildPhase; buildActionMask = 2147483647; files = (AA0000000000000000000004,); runOnlyForDeploymentPostprocessing = 0; };
		00000000000000000000000C = { isa = PBXResourcesBuildPhase; buildActionMask = 2147483647; files = (AA0000000000000000000011, 000000000000000000000028, AA000000000000000000000B,); runOnlyForDeploymentPostprocessing = 0; };
		00000000000000000000000D = { isa = PBXSourcesBuildPhase; buildActionMask = 2147483647; files = (00000000000000000000002A, AA000000000000000000000D,); runOnlyForDeploymentPostprocessing = 0; };
		00000000000000000000000E = { isa = PBXFrameworksBuildPhase; buildActionMask = 2147483647; files = (AA0000000000000000000005,); runOnlyForDeploymentPostprocessing = 0; };
		00000000000000000000000F = { isa = PBXResourcesBuildPhase; buildActionMask = 2147483647; files = (AA000000000000000000000F,); runOnlyForDeploymentPostprocessing = 0; };
		000000000000000000000019 = { isa = PBXContainerItemProxy; containerPortal = 000000000000000000000001; proxyType = 1; remoteGlobalIDString = 000000000000000000000006; remoteInfo = Shizhang; };
		00000000000000000000001A = { isa = PBXTargetDependency; target = 000000000000000000000006; targetProxy = 000000000000000000000019; };
		000000000000000000000006 = { isa = PBXNativeTarget; buildConfigurationList = 000000000000000000000011; buildPhases = (00000000000000000000000A, 00000000000000000000000B, 00000000000000000000000C,); buildRules = (); dependencies = (); name = Shizhang; packageProductDependencies = (AA0000000000000000000002,); productName = Shizhang; productReference = 000000000000000000000008; productType = "com.apple.product-type.application"; };
		000000000000000000000007 = { isa = PBXNativeTarget; buildConfigurationList = 000000000000000000000012; buildPhases = (00000000000000000000000D, 00000000000000000000000E, 00000000000000000000000F,); buildRules = (); dependencies = (00000000000000000000001A,); name = ShizhangTests; packageProductDependencies = (AA0000000000000000000003,); productName = ShizhangTests; productReference = 000000000000000000000009; productType = "com.apple.product-type.bundle.unit-test"; };
		000000000000000000000001 = { isa = PBXProject; attributes = { BuildIndependentTargetsInParallel = YES; LastUpgradeCheck = 2700; TargetAttributes = { 000000000000000000000006 = { CreatedOnToolsVersion = 27.0; }; 000000000000000000000007 = { CreatedOnToolsVersion = 27.0; TestTargetID = 000000000000000000000006; }; }; }; buildConfigurationList = 000000000000000000000010; compatibilityVersion = "Xcode 15.0"; developmentRegion = zh_CN; hasScannedForEncodings = 0; knownRegions = (zh_CN, en, Base); mainGroup = 000000000000000000000002; productRefGroup = 000000000000000000000003; packageReferences = (AA0000000000000000000001,); projectDirPath = ""; projectRoot = ""; targets = (000000000000000000000006, 000000000000000000000007,); };
		000000000000000000000013 = { isa = XCBuildConfiguration; buildSettings = { CLANG_ENABLE_MODULES = YES; CLANG_ENABLE_OBJC_ARC = YES; SDKROOT = iphoneos; IPHONEOS_DEPLOYMENT_TARGET = 17.0; SWIFT_VERSION = 5.0; DEBUG_INFORMATION_FORMAT = dwarf; ENABLE_TESTABILITY = YES; ONLY_ACTIVE_ARCH = YES; SWIFT_OPTIMIZATION_LEVEL = "-Onone"; SWIFT_ACTIVE_COMPILATION_CONDITIONS = DEBUG; }; name = Debug; };
		000000000000000000000014 = { isa = XCBuildConfiguration; buildSettings = { CLANG_ENABLE_MODULES = YES; CLANG_ENABLE_OBJC_ARC = YES; SDKROOT = iphoneos; IPHONEOS_DEPLOYMENT_TARGET = 17.0; SWIFT_VERSION = 5.0; DEBUG_INFORMATION_FORMAT = "dwarf-with-dsym"; SWIFT_COMPILATION_MODE = wholemodule; SWIFT_OPTIMIZATION_LEVEL = "-O"; VALIDATE_PRODUCT = YES; }; name = Release; };
		000000000000000000000015 = { isa = XCBuildConfiguration; buildSettings = { ASSETCATALOG_COMPILER_APPICON_NAME = AppIcon; CODE_SIGN_STYLE = Automatic; CURRENT_PROJECT_VERSION = 1; MARKETING_VERSION = 1.0; GENERATE_INFOPLIST_FILE = YES; INFOPLIST_KEY_CFBundleDisplayName = "拾账"; INFOPLIST_KEY_LSApplicationCategoryType = "public.app-category.finance"; INFOPLIST_KEY_UIApplicationSceneManifest_Generation = YES; INFOPLIST_KEY_UIApplicationSupportsIndirectInputEvents = YES; INFOPLIST_KEY_LSSupportsOpeningDocumentsInPlace = YES; INFOPLIST_KEY_UILaunchScreen_Generation = YES; INFOPLIST_KEY_UISupportedInterfaceOrientations = UIInterfaceOrientationPortrait; PRODUCT_BUNDLE_IDENTIFIER = com.lingansir.Shizhang; PRODUCT_NAME = "$(TARGET_NAME)"; SUPPORTED_PLATFORMS = "iphoneos iphonesimulator"; SUPPORTS_MACCATALYST = NO; TARGETED_DEVICE_FAMILY = 1; SWIFT_EMIT_LOC_STRINGS = YES; SWIFT_STRICT_CONCURRENCY = complete; }; name = Debug; };
		000000000000000000000016 = { isa = XCBuildConfiguration; buildSettings = { ASSETCATALOG_COMPILER_APPICON_NAME = AppIcon; CODE_SIGN_STYLE = Automatic; CURRENT_PROJECT_VERSION = 1; MARKETING_VERSION = 1.0; GENERATE_INFOPLIST_FILE = YES; INFOPLIST_KEY_CFBundleDisplayName = "拾账"; INFOPLIST_KEY_LSApplicationCategoryType = "public.app-category.finance"; INFOPLIST_KEY_UIApplicationSceneManifest_Generation = YES; INFOPLIST_KEY_UIApplicationSupportsIndirectInputEvents = YES; INFOPLIST_KEY_LSSupportsOpeningDocumentsInPlace = YES; INFOPLIST_KEY_UILaunchScreen_Generation = YES; INFOPLIST_KEY_UISupportedInterfaceOrientations = UIInterfaceOrientationPortrait; PRODUCT_BUNDLE_IDENTIFIER = com.lingansir.Shizhang; PRODUCT_NAME = "$(TARGET_NAME)"; SUPPORTED_PLATFORMS = "iphoneos iphonesimulator"; SUPPORTS_MACCATALYST = NO; TARGETED_DEVICE_FAMILY = 1; SWIFT_EMIT_LOC_STRINGS = YES; SWIFT_STRICT_CONCURRENCY = complete; }; name = Release; };
		000000000000000000000017 = { isa = XCBuildConfiguration; buildSettings = { CODE_SIGN_STYLE = Automatic; GENERATE_INFOPLIST_FILE = YES; PRODUCT_BUNDLE_IDENTIFIER = com.lingansir.ShizhangTests; PRODUCT_NAME = "$(TARGET_NAME)"; SUPPORTED_PLATFORMS = "iphoneos iphonesimulator"; TARGETED_DEVICE_FAMILY = 1; BUNDLE_LOADER = "$(TEST_HOST)"; TEST_HOST = "$(BUILT_PRODUCTS_DIR)/Shizhang.app/$(BUNDLE_EXECUTABLE_FOLDER_PATH)/Shizhang"; }; name = Debug; };
		000000000000000000000018 = { isa = XCBuildConfiguration; buildSettings = { CODE_SIGN_STYLE = Automatic; GENERATE_INFOPLIST_FILE = YES; PRODUCT_BUNDLE_IDENTIFIER = com.lingansir.ShizhangTests; PRODUCT_NAME = "$(TARGET_NAME)"; SUPPORTED_PLATFORMS = "iphoneos iphonesimulator"; TARGETED_DEVICE_FAMILY = 1; BUNDLE_LOADER = "$(TEST_HOST)"; TEST_HOST = "$(BUILT_PRODUCTS_DIR)/Shizhang.app/$(BUNDLE_EXECUTABLE_FOLDER_PATH)/Shizhang"; }; name = Release; };
		000000000000000000000010 = { isa = XCConfigurationList; buildConfigurations = (000000000000000000000013, 000000000000000000000014,); defaultConfigurationIsVisible = 0; defaultConfigurationName = Release; };
		000000000000000000000011 = { isa = XCConfigurationList; buildConfigurations = (000000000000000000000015, 000000000000000000000016,); defaultConfigurationIsVisible = 0; defaultConfigurationName = Release; };
		000000000000000000000012 = { isa = XCConfigurationList; buildConfigurations = (000000000000000000000017, 000000000000000000000018,); defaultConfigurationIsVisible = 0; defaultConfigurationName = Release; };
	};
	rootObject = 000000000000000000000001;
}
